
Microsoft Visual Studio Solution File, Format Version 12.00
# Visual Studio Version 16
VisualStudioVersion = 16.0.30523.141
MinimumVisualStudioVersion = 10.0.40219.1
Project("{FAE04EC0-301F-11D3-BF4B-00C04F79EFBC}") = "lab№3", "lab№3\lab№3.csproj", "{EEE41874-B537-41AF-BCE2-AAAB11368230}"
EndProject
Global
	GlobalSection(SolutionConfigurationPlatforms) = preSolution
		Debug|Any CPU = Debug|Any CPU
		Release|Any CPU = Release|Any CPU
	EndGlobalSection
	GlobalSection(ProjectConfigurationPlatforms) = postSolution
		{EEE41874-B537-41AF-BCE2-AAAB11368230}.Debug|Any CPU.ActiveCfg = Debug|Any CPU
		{EEE41874-B537-41AF-BCE2-AAAB11368230}.Debug|Any CPU.Build.0 = Debug|Any CPU
		{EEE41874-B537-41AF-BCE2-AAAB11368230}.Release|Any CPU.ActiveCfg = Release|Any CPU
		{EEE41874-B537-41AF-BCE2-AAAB11368230}.Release|Any CPU.Build.0 = Release|Any CPU
	EndGlobalSection
	GlobalSection(SolutionProperties) = preSolution
		HideSolutionNode = FALSE
	EndGlobalSection
	GlobalSection(ExtensibilityGlobals) = postSolution
		SolutionGuid = {FA6FCED2-2764-40C6-ACED-11638C286E16}
	EndGlobalSection
EndGlobal
